PODS:
  - libbase58 (0.1.4)
  - MatrixSDKCrypto (0.1.8)
  - OHHTTPStubs (9.1.0):
    - OHHTTPStubs/Default (= 9.1.0)
  - OHHTTPStubs/Core (9.1.0)
  - OHHTTPStubs/Default (9.1.0):
    - OHHTTPStubs/Core
    - OHHTTPStubs/JSON
    - OHHTTPStubs/NSURLSession
    - OHHTTPStubs/OHPathHelpers
  - OHHTTPStubs/JSON (9.1.0):
    - OHHTTPStubs/Core
  - OHHTTPStubs/NSURLSession (9.1.0):
    - OHHTTPStubs/Core
  - OHHTTPStubs/OHPathHelpers (9.1.0)
  - OLMKit (3.2.12):
    - OLMKit/olmc (= 3.2.12)
    - OLMKit/olmcpp (= 3.2.12)
  - OLMKit/olmc (3.2.12)
  - OLMKit/olmcpp (3.2.12)

DEPENDENCIES:
  - libbase58 (~> 0.1.4)
  - MatrixSDKCrypto (= 0.1.8)
  - OHHTTPStubs (~> 9.1.0)
  - OLMKit (~> 3.2.5)

SPEC REPOS:
  trunk:
    - libbase58
    - MatrixSDKCrypto
    - OHHTTPStubs
    - OLMKit

SPEC CHECKSUMS:
  libbase58: 7c040313537b8c44b6e2d15586af8e21f7354efd
  MatrixSDKCrypto: 862d9b4dbb6861da030943f5a18c39258ed7345b
  OHHTTPStubs: 90eac6d8f2c18317baeca36698523dc67c513831
  OLMKit: da115f16582e47626616874e20f7bb92222c7a51

PODFILE CHECKSUM: 434255d328dd8c1489af924295f8ba1e7394f6f1

COCOAPODS: 1.11.3
